
Microsoft Visual Studio Solution File, Format Version 12.00
# Visual Studio Version 17
VisualStudioVersion = 17.5.33424.131
MinimumVisualStudioVersion = 10.0.40219.1
Project("{8BC9CEB8-8B4A-11D0-8D11-00A0C91BC942}") = "Falling Block Game", "Falling Block Game.vcxproj", "{E580FC6A-1E47-4658-AB1F-76975D7027FD}"
EndProject
Global
	GlobalSection(SolutionConfigurationPlatforms) = preSolution
		Debug|x64 = Debug|x64
		Debug|x86 = Debug|x86
		Release|x64 = Release|x64
		Release|x86 = Release|x86
	EndGlobalSection
	GlobalSection(ProjectConfigurationPlatforms) = postSolution
		{E580FC6A-1E47-4658-AB1F-76975D7027FD}.Debug|x64.ActiveCfg = Debug|x64
		{E580FC6A-1E47-4658-AB1F-76975D7027FD}.Debug|x64.Build.0 = Debug|x64
		{E580FC6A-1E47-4658-AB1F-76975D7027FD}.Debug|x86.ActiveCfg = Debug|Win32
		{E580FC6A-1E47-4658-AB1F-76975D7027FD}.Debug|x86.Build.0 = Debug|Win32
		{E580FC6A-1E47-4658-AB1F-76975D7027FD}.Release|x64.ActiveCfg = Release|x64
		{E580FC6A-1E47-4658-AB1F-76975D7027FD}.Release|x64.Build.0 = Release|x64
		{E580FC6A-1E47-4658-AB1F-76975D7027FD}.Release|x86.ActiveCfg = Release|Win32
		{E580FC6A-1E47-4658-AB1F-76975D7027FD}.Release|x86.Build.0 = Release|Win32
	EndGlobalSection
	GlobalSection(SolutionProperties) = preSolution
		HideSolutionNode = FALSE
	EndGlobalSection
	GlobalSection(ExtensibilityGlobals) = postSolution
		SolutionGuid = {F69877D9-A94D-42BE-9515-E0A9901120D1}
	EndGlobalSection
EndGlobal
